{
  "name": "lerna-ing-package-a",
  "version": "1.0.0",
  "lockfileVersion": 1,
  "requires": true,
  "dependencies": {
    "lerna-ing-package-b": {
      "version": "1.0.0",
      "resolved": "https://registry.npmjs.org/lerna-ing-package-b/-/lerna-ing-package-b-1.0.0.tgz",
      "integrity": "sha512-Rypx4YFiMsuDw6h1Z5zHrPcSXVea82b6AQfzQDKYPEoNYYWeJP76jEeraNpH8JCJu8zmCw1MYCcLQWIwaiAUlw=="
    }
  }
}
